
Microsoft Visual Studio Solution File, Format Version 12.00
# Visual Studio 15
VisualStudioVersion = 15.0.27428.2037
MinimumVisualStudioVersion = 10.0.40219.1
Project("{FAE04EC0-301F-11D3-BF4B-00C04F79EFBC}") = "Races", "Races\Races.csproj", "{2181E552-8260-4C17-921B-3EF833465513}"
EndProject
Project("{FAE04EC0-301F-11D3-BF4B-00C04F79EFBC}") = "Races.DAL", "Races.DAL\Races.DAL.csproj", "{F2D9CE01-D7ED-4D1F-BB93-884D8DDBAC95}"
EndProject
Global
	GlobalSection(SolutionConfigurationPlatforms) = preSolution
		Debug|Any CPU = Debug|Any CPU
		Release|Any CPU = Release|Any CPU
	EndGlobalSection
	GlobalSection(ProjectConfigurationPlatforms) = postSolution
		{2181E552-8260-4C17-921B-3EF833465513}.Debug|Any CPU.ActiveCfg = Debug|Any CPU
		{2181E552-8260-4C17-921B-3EF833465513}.Debug|Any CPU.Build.0 = Debug|Any CPU
		{2181E552-8260-4C17-921B-3EF833465513}.Release|Any CPU.ActiveCfg = Release|Any CPU
		{2181E552-8260-4C17-921B-3EF833465513}.Release|Any CPU.Build.0 = Release|Any CPU
		{F2D9CE01-D7ED-4D1F-BB93-884D8DDBAC95}.Debug|Any CPU.ActiveCfg = Debug|Any CPU
		{F2D9CE01-D7ED-4D1F-BB93-884D8DDBAC95}.Debug|Any CPU.Build.0 = Debug|Any CPU
		{F2D9CE01-D7ED-4D1F-BB93-884D8DDBAC95}.Release|Any CPU.ActiveCfg = Release|Any CPU
		{F2D9CE01-D7ED-4D1F-BB93-884D8DDBAC95}.Release|Any CPU.Build.0 = Release|Any CPU
	EndGlobalSection
	GlobalSection(SolutionProperties) = preSolution
		HideSolutionNode = FALSE
	EndGlobalSection
	GlobalSection(ExtensibilityGlobals) = postSolution
		SolutionGuid = {78575C2C-FC2C-48E3-BCCC-F5199B78D79C}
	EndGlobalSection
EndGlobal
